
Microsoft Visual Studio Solution File, Format Version 12.00
# Visual Studio Version 16
VisualStudioVersion = 16.0.30907.101
MinimumVisualStudioVersion = 10.0.40219.1
Project("{FAE04EC0-301F-11D3-BF4B-00C04F79EFBC}") = "LinkedListCSharp", "LinkedListCSharp\LinkedListCSharp.csproj", "{6B853362-89D2-4FBD-B62E-E29E8A448970}"
EndProject
Project("{FAE04EC0-301F-11D3-BF4B-00C04F79EFBC}") = "NUnitTestProject", "NUnitTestProject\NUnitTestProject.csproj", "{CE9DE211-5B5E-4708-9256-AF66BEACA580}"
EndProject
Global
	GlobalSection(SolutionConfigurationPlatforms) = preSolution
		Debug|Any CPU = Debug|Any CPU
		Release|Any CPU = Release|Any CPU
	EndGlobalSection
	GlobalSection(ProjectConfigurationPlatforms) = postSolution
		{6B853362-89D2-4FBD-B62E-E29E8A448970}.Debug|Any CPU.ActiveCfg = Debug|Any CPU
		{6B853362-89D2-4FBD-B62E-E29E8A448970}.Debug|Any CPU.Build.0 = Debug|Any CPU
		{6B853362-89D2-4FBD-B62E-E29E8A448970}.Release|Any CPU.ActiveCfg = Release|Any CPU
		{6B853362-89D2-4FBD-B62E-E29E8A448970}.Release|Any CPU.Build.0 = Release|Any CPU
		{CE9DE211-5B5E-4708-9256-AF66BEACA580}.Debug|Any CPU.ActiveCfg = Debug|Any CPU
		{CE9DE211-5B5E-4708-9256-AF66BEACA580}.Debug|Any CPU.Build.0 = Debug|Any CPU
		{CE9DE211-5B5E-4708-9256-AF66BEACA580}.Release|Any CPU.ActiveCfg = Release|Any CPU
		{CE9DE211-5B5E-4708-9256-AF66BEACA580}.Release|Any CPU.Build.0 = Release|Any CPU
	EndGlobalSection
	GlobalSection(SolutionProperties) = preSolution
		HideSolutionNode = FALSE
	EndGlobalSection
	GlobalSection(ExtensibilityGlobals) = postSolution
		SolutionGuid = {022C7120-FEB8-4C21-96D7-94C93C7562C4}
	EndGlobalSection
EndGlobal
